
Microsoft Visual Studio Solution File, Format Version 12.00
# Visual Studio 15
VisualStudioVersion = 15.0.27703.2047
MinimumVisualStudioVersion = 10.0.40219.1
Project("{FAE04EC0-301F-11D3-BF4B-00C04F79EFBC}") = "DSA", "DSA\DSA.csproj", "{CAF360FC-90B8-4D9E-BC84-4F41DBA89529}"
EndProject
Global
	GlobalSection(SolutionConfigurationPlatforms) = preSolution
		Debug|Any CPU = Debug|Any CPU
		Release|Any CPU = Release|Any CPU
	EndGlobalSection
	GlobalSection(ProjectConfigurationPlatforms) = postSolution
		{CAF360FC-90B8-4D9E-BC84-4F41DBA89529}.Debug|Any CPU.ActiveCfg = Debug|Any CPU
		{CAF360FC-90B8-4D9E-BC84-4F41DBA89529}.Debug|Any CPU.Build.0 = Debug|Any CPU
		{CAF360FC-90B8-4D9E-BC84-4F41DBA89529}.Release|Any CPU.ActiveCfg = Release|Any CPU
		{CAF360FC-90B8-4D9E-BC84-4F41DBA89529}.Release|Any CPU.Build.0 = Release|Any CPU
	EndGlobalSection
	GlobalSection(SolutionProperties) = preSolution
		HideSolutionNode = FALSE
	EndGlobalSection
	GlobalSection(ExtensibilityGlobals) = postSolution
		SolutionGuid = {0F7C26B7-92CC-409A-AA1E-251F407FB058}
	EndGlobalSection
EndGlobal
